
Microsoft Visual Studio Solution File, Format Version 12.00
# Visual Studio Version 17
VisualStudioVersion = 17.14.36121.58 d17.14
MinimumVisualStudioVersion = 10.0.40219.1
Project("{FAE04EC0-301F-11D3-BF4B-00C04F79EFBC}") = "WpfApp1", "WpfApp1\WpfApp1.csproj", "{014EE170-496C-4AD0-B563-A9B42BD3D97F}"
EndProject
Global
	GlobalSection(SolutionConfigurationPlatforms) = preSolution
		Debug|Any CPU = Debug|Any CPU
		Release|Any CPU = Release|Any CPU
	EndGlobalSection
	GlobalSection(ProjectConfigurationPlatforms) = postSolution
		{014EE170-496C-4AD0-B563-A9B42BD3D97F}.Debug|Any CPU.ActiveCfg = Debug|Any CPU
		{014EE170-496C-4AD0-B563-A9B42BD3D97F}.Debug|Any CPU.Build.0 = Debug|Any CPU
		{014EE170-496C-4AD0-B563-A9B42BD3D97F}.Release|Any CPU.ActiveCfg = Release|Any CPU
		{014EE170-496C-4AD0-B563-A9B42BD3D97F}.Release|Any CPU.Build.0 = Release|Any CPU
	EndGlobalSection
	GlobalSection(SolutionProperties) = preSolution
		HideSolutionNode = FALSE
	EndGlobalSection
	GlobalSection(ExtensibilityGlobals) = postSolution
		SolutionGuid = {11EB5BB0-AAA7-42BC-8A79-808668E1906F}
	EndGlobalSection
EndGlobal
